
Microsoft Visual Studio Solution File, Format Version 12.00
# Visual Studio 15
VisualStudioVersion = 15.0.25302.0
MinimumVisualStudioVersion = 10.0.40219.1
Project("{FAE04EC0-301F-11D3-BF4B-00C04F79EFBC}") = "Airline.Web.Api", "Airline.Web.Api\Airline.Web.Api.csproj", "{7EEBA6CA-E2B5-4D37-A096-6ED09AD80DEC}"
EndProject
Project("{FAE04EC0-301F-11D3-BF4B-00C04F79EFBC}") = "Airline.Web.Api.Tests", "Airline.Web.Api.Tests\Airline.Web.Api.Tests.csproj", "{295E831C-6325-4EFB-A0A9-78FA1B9DE64C}"
EndProject
Global
	GlobalSection(SolutionConfigurationPlatforms) = preSolution
		Debug|Any CPU = Debug|Any CPU
		Release|Any CPU = Release|Any CPU
	EndGlobalSection
	GlobalSection(ProjectConfigurationPlatforms) = postSolution
		{7EEBA6CA-E2B5-4D37-A096-6ED09AD80DEC}.Debug|Any CPU.ActiveCfg = Debug|Any CPU
		{7EEBA6CA-E2B5-4D37-A096-6ED09AD80DEC}.Debug|Any CPU.Build.0 = Debug|Any CPU
		{7EEBA6CA-E2B5-4D37-A096-6ED09AD80DEC}.Release|Any CPU.ActiveCfg = Release|Any CPU
		{7EEBA6CA-E2B5-4D37-A096-6ED09AD80DEC}.Release|Any CPU.Build.0 = Release|Any CPU
		{295E831C-6325-4EFB-A0A9-78FA1B9DE64C}.Debug|Any CPU.ActiveCfg = Debug|Any CPU
		{295E831C-6325-4EFB-A0A9-78FA1B9DE64C}.Debug|Any CPU.Build.0 = Debug|Any CPU
		{295E831C-6325-4EFB-A0A9-78FA1B9DE64C}.Release|Any CPU.ActiveCfg = Release|Any CPU
		{295E831C-6325-4EFB-A0A9-78FA1B9DE64C}.Release|Any CPU.Build.0 = Release|Any CPU
	EndGlobalSection
	GlobalSection(SolutionProperties) = preSolution
		HideSolutionNode = FALSE
	EndGlobalSection
EndGlobal
